
Microsoft Visual Studio Solution File, Format Version 12.00
Project("{FAE04EC0-301F-11D3-BF4B-00C04F79EFBC}") = "StoryMode", "StoryMode\StoryMode.csproj", "{B63C6849-FA9A-47BE-A394-2A32307EC87F}"
EndProject
Global
	GlobalSection(SolutionConfigurationPlatforms) = preSolution
		Debug|Any CPU = Debug|Any CPU
		Release|Any CPU = Release|Any CPU
	EndGlobalSection
	GlobalSection(ProjectConfigurationPlatforms) = postSolution
		{B63C6849-FA9A-47BE-A394-2A32307EC87F}.Debug|Any CPU.ActiveCfg = Debug|Any CPU
		{B63C6849-FA9A-47BE-A394-2A32307EC87F}.Debug|Any CPU.Build.0 = Debug|Any CPU
		{B63C6849-FA9A-47BE-A394-2A32307EC87F}.Release|Any CPU.ActiveCfg = Release|Any CPU
		{B63C6849-FA9A-47BE-A394-2A32307EC87F}.Release|Any CPU.Build.0 = Release|Any CPU
	EndGlobalSection
EndGlobal
